
Microsoft Visual Studio Solution File, Format Version 12.00
# Visual Studio Version 16
VisualStudioVersion = 16.0.30406.217
MinimumVisualStudioVersion = 10.0.40219.1
Project("{FAE04EC0-301F-11D3-BF4B-00C04F79EFBC}") = "Interpreter", "Interpreter\Interpreter.csproj", "{7A909D1C-B283-437C-ADEE-F5B7AAA59077}"
EndProject
Global
	GlobalSection(SolutionConfigurationPlatforms) = preSolution
		Debug|Any CPU = Debug|Any CPU
		Release|Any CPU = Release|Any CPU
	EndGlobalSection
	GlobalSection(ProjectConfigurationPlatforms) = postSolution
		{7A909D1C-B283-437C-ADEE-F5B7AAA59077}.Debug|Any CPU.ActiveCfg = Debug|Any CPU
		{7A909D1C-B283-437C-ADEE-F5B7AAA59077}.Debug|Any CPU.Build.0 = Debug|Any CPU
		{7A909D1C-B283-437C-ADEE-F5B7AAA59077}.Release|Any CPU.ActiveCfg = Release|Any CPU
		{7A909D1C-B283-437C-ADEE-F5B7AAA59077}.Release|Any CPU.Build.0 = Release|Any CPU
	EndGlobalSection
	GlobalSection(SolutionProperties) = preSolution
		HideSolutionNode = FALSE
	EndGlobalSection
	GlobalSection(ExtensibilityGlobals) = postSolution
		SolutionGuid = {A43D27E8-ABD6-4E20-97F0-F7BA738AF093}
	EndGlobalSection
EndGlobal
